
Microsoft Visual Studio Solution File, Format Version 12.00
# Visual Studio 14
VisualStudioVersion = 14.0.23107.0
MinimumVisualStudioVersion = 10.0.40219.1
Project("{FAE04EC0-301F-11D3-BF4B-00C04F79EFBC}") = "HomeCinema.Entities", "HomeCinema.Entities\HomeCinema.Entities.csproj", "{A03108A5-8AAE-4221-B3CE-5C1B608D52C9}"
EndProject
Project("{FAE04EC0-301F-11D3-BF4B-00C04F79EFBC}") = "HomeCinema.Data", "HomeCinema.Data\HomeCinema.Data.csproj", "{81BBA2FA-36C2-4D28-BF9C-90E0393E5AC0}"
EndProject
Project("{FAE04EC0-301F-11D3-BF4B-00C04F79EFBC}") = "HomeCinema.Services", "HomeCinema.Services\HomeCinema.Services.csproj", "{3AB6B740-3E2D-49D2-A0D6-60FFD998C52D}"
EndProject
Project("{FAE04EC0-301F-11D3-BF4B-00C04F79EFBC}") = "HomeCinema.Web", "HomeCinema.Web\HomeCinema.Web.csproj", "{6AA9E77F-536F-45E6-80EC-7644C79D05A3}"
EndProject
Project("{2150E333-8FDC-42A3-9474-1A3956D46DE8}") = "PublishScripts", "PublishScripts", "{CA5D37A7-96C4-4612-8079-B9AE7FA302F6}"
EndProject
Project("{2150E333-8FDC-42A3-9474-1A3956D46DE8}") = "Scripts", "Scripts", "{BBB3DBF2-D5D6-47F6-A55E-72527C655F0A}"
	ProjectSection(SolutionItems) = preProject
		PublishScripts\Scripts\Deploy-AzureResourceGroup.ps1 = PublishScripts\Scripts\Deploy-AzureResourceGroup.ps1
	EndProjectSection
EndProject
Project("{2150E333-8FDC-42A3-9474-1A3956D46DE8}") = "Templates", "Templates", "{5C3049BB-CDAA-4EFE-9AFA-D71630ECF841}"
	ProjectSection(SolutionItems) = preProject
		PublishScripts\Templates\HomeCinemaWeb.json = PublishScripts\Templates\HomeCinemaWeb.json
		PublishScripts\Templates\HomeCinemaWeb.param.dev.json = PublishScripts\Templates\HomeCinemaWeb.param.dev.json
	EndProjectSection
EndProject
Global
	GlobalSection(SolutionConfigurationPlatforms) = preSolution
		Debug|Any CPU = Debug|Any CPU
		Release|Any CPU = Release|Any CPU
	EndGlobalSection
	GlobalSection(ProjectConfigurationPlatforms) = postSolution
		{A03108A5-8AAE-4221-B3CE-5C1B608D52C9}.Debug|Any CPU.ActiveCfg = Debug|Any CPU
		{A03108A5-8AAE-4221-B3CE-5C1B608D52C9}.Debug|Any CPU.Build.0 = Debug|Any CPU
		{A03108A5-8AAE-4221-B3CE-5C1B608D52C9}.Release|Any CPU.ActiveCfg = Release|Any CPU
		{A03108A5-8AAE-4221-B3CE-5C1B608D52C9}.Release|Any CPU.Build.0 = Release|Any CPU
		{81BBA2FA-36C2-4D28-BF9C-90E0393E5AC0}.Debug|Any CPU.ActiveCfg = Debug|Any CPU
		{81BBA2FA-36C2-4D28-BF9C-90E0393E5AC0}.Debug|Any CPU.Build.0 = Debug|Any CPU
		{81BBA2FA-36C2-4D28-BF9C-90E0393E5AC0}.Release|Any CPU.ActiveCfg = Release|Any CPU
		{81BBA2FA-36C2-4D28-BF9C-90E0393E5AC0}.Release|Any CPU.Build.0 = Release|Any CPU
		{3AB6B740-3E2D-49D2-A0D6-60FFD998C52D}.Debug|Any CPU.ActiveCfg = Debug|Any CPU
		{3AB6B740-3E2D-49D2-A0D6-60FFD998C52D}.Debug|Any CPU.Build.0 = Debug|Any CPU
		{3AB6B740-3E2D-49D2-A0D6-60FFD998C52D}.Release|Any CPU.ActiveCfg = Release|Any CPU
		{3AB6B740-3E2D-49D2-A0D6-60FFD998C52D}.Release|Any CPU.Build.0 = Release|Any CPU
		{6AA9E77F-536F-45E6-80EC-7644C79D05A3}.Debug|Any CPU.ActiveCfg = Debug|Any CPU
		{6AA9E77F-536F-45E6-80EC-7644C79D05A3}.Debug|Any CPU.Build.0 = Debug|Any CPU
		{6AA9E77F-536F-45E6-80EC-7644C79D05A3}.Release|Any CPU.ActiveCfg = Release|Any CPU
		{6AA9E77F-536F-45E6-80EC-7644C79D05A3}.Release|Any CPU.Build.0 = Release|Any CPU
	EndGlobalSection
	GlobalSection(SolutionProperties) = preSolution
		HideSolutionNode = FALSE
	EndGlobalSection
	GlobalSection(NestedProjects) = preSolution
		{BBB3DBF2-D5D6-47F6-A55E-72527C655F0A} = {CA5D37A7-96C4-4612-8079-B9AE7FA302F6}
		{5C3049BB-CDAA-4EFE-9AFA-D71630ECF841} = {CA5D37A7-96C4-4612-8079-B9AE7FA302F6}
	EndGlobalSection
EndGlobal
